// !$*UTF8*$!
{
	archiveVersion = 1;
	classes = {
	};
	objectVersion = 50;
	objects = {

/* Begin PBXBuildFile section */
		21EBD6F8211F451A006814B4 /* AppDelegate.swift in Sources */ = {isa = PBXBuildFile; fileRef = 21EBD6F7211F451A006814B4 /* AppDelegate.swift */; };
		21EBD6FA211F451A006814B4 /* ViewController.swift in Sources */ = {isa = PBXBuildFile; fileRef = 21EBD6F9211F451A006814B4 /* ViewController.swift */; };
		21EBD6FD211F451A006814B4 /* Main.storyboard in Resources */ = {isa = PBXBuildFile; fileRef = 21EBD6FB211F451A006814B4 /* Main.storyboard */; };
		21EBD6FF211F451B006814B4 /* Assets.xcassets in Resources */ = {isa = PBXBuildFile; fileRef = 21EBD6FE211F451B006814B4 /* Assets.xcassets */; };
		21EBD702211F451B006814B4 /* LaunchScreen.storyboard in Resources */ = {isa = PBXBuildFile; fileRef = 21EBD700211F451B006814B4 /* LaunchScreen.storyboard */; };
		21EBD70A211F45C5006814B4 /* CustomView.swift in Sources */ = {isa = PBXBuildFile; fileRef = 21EBD709211F45C5006814B4 /* CustomView.swift */; };
/* End PBXBuildFile section */

/* Begin PBXFileReference section */
		21EBD6F4211F451A006814B4 /* AnimationHelpers.app */ = {isa = PBXFileReference; explicitFileType = wrapper.application; includeInIndex = 0; path = AnimationHelpers.app; sourceTree = BUILT_PRODUCTS_DIR; };
		21EBD6F7211F451A006814B4 /* AppDelegate.swift */ = {isa = PBXFileReference; lastKnownFileType = sourcecode.swift; path = AppDelegate.swift; sourceTree = "<group>"; };
		21EBD6F9211F451A006814B4 /* ViewController.swift */ = {isa = PBXFileReference; lastKnownFileType = sourcecode.swift; path = ViewController.swift; sourceTree = "<group>"; };
		21EBD6FC211F451A006814B4 /* Base */ = {isa = PBXFileReference; lastKnownFileType = file.storyboard; name = Base; path = Base.lproj/Main.storyboard; sourceTree = "<group>"; };
		21EBD6FE211F451B006814B4 /* Assets.xcassets */ = {isa = PBXFileReference; lastKnownFileType = folder.assetcatalog; path = Assets.xcassets; sourceTree = "<group>"; };
		21EBD701211F451B006814B4 /* Base */ = {isa = PBXFileReference; lastKnownFileType = file.storyboard; name = Base; path = Base.lproj/LaunchScreen.storyboard; sourceTree = "<group>"; };
		21EBD703211F451B006814B4 /* Info.plist */ = {isa = PBXFileReference; lastKnownFileType = text.plist.xml; path = Info.plist; sourceTree = "<group>"; };
		21EBD709211F45C5006814B4 /* CustomView.swift */ = {isa = PBXFileReference; lastKnownFileType = sourcecode.swift; path = CustomView.swift; sourceTree = "<group>"; };
/* End PBXFileReference section */

/* Begin PBXFrameworksBuildPhase section */
		21EBD6F1211F451A006814B4 /* Frameworks */ = {
			isa = PBXFrameworksBuildPhase;
			buildActionMask = 2147483647;
			files = (
			);
			runOnlyForDeploymentPostprocessing = 0;
		};
/* End PBXFrameworksBuildPhase section */

/* Begin PBXGroup section */
		21EBD6EB211F451A006814B4 = {
			isa = PBXGroup;
			children = (
				21EBD6F6211F451A006814B4 /* AnimationHelpers */,
				21EBD6F5211F451A006814B4 /* Products */,
			);
			sourceTree = "<group>";
		};
		21EBD6F5211F451A006814B4 /* Products */ = {
			isa = PBXGroup;
			children = (
				21EBD6F4211F451A006814B4 /* AnimationHelpers.app */,
			);
			name = Products;
			sourceTree = "<group>";
		};
		21EBD6F6211F451A006814B4 /* AnimationHelpers */ = {
			isa = PBXGroup;
			children = (
				21EBD6F7211F451A006814B4 /* AppDelegate.swift */,
				21EBD6F9211F451A006814B4 /* ViewController.swift */,
				21EBD6FB211F451A006814B4 /* Main.storyboard */,
				21EBD6FE211F451B006814B4 /* Assets.xcassets */,
				21EBD700211F451B006814B4 /* LaunchScreen.storyboard */,
				21EBD703211F451B006814B4 /* Info.plist */,
				21EBD709211F45C5006814B4 /* CustomView.swift */,
			);
			path = AnimationHelpers;
			sourceTree = "<group>";
		};
/* End PBXGroup section */

/* Begin PBXNativeTarget section */
		21EBD6F3211F451A006814B4 /* AnimationHelpers */ = {
			isa = PBXNativeTarget;
			buildConfigurationList = 21EBD706211F451B006814B4 /* Build configuration list for PBXNativeTarget "AnimationHelpers" */;
			buildPhases = (
				21EBD6F0211F451A006814B4 /* Sources */,
				21EBD6F1211F451A006814B4 /* Frameworks */,
				21EBD6F2211F451A006814B4 /* Resources */,
			);
			buildRules = (
			);
			dependencies = (
			);
			name = AnimationHelpers;
			productName = AnimationHelpers;
			productReference = 21EBD6F4211F451A006814B4 /* AnimationHelpers.app */;
			productType = "com.apple.product-type.application";
		};
/* End PBXNativeTarget section */

/* Begin PBXProject section */
		21EBD6EC211F451A006814B4 /* Project object */ = {
			isa = PBXProject;
			attributes = {
				LastSwiftUpdateCheck = 1000;
				LastUpgradeCheck = 1000;
				ORGANIZATIONNAME = proxy;
				TargetAttributes = {
					21EBD6F3211F451A006814B4 = {
						CreatedOnToolsVersion = 10.0;
					};
				};
			};
			buildConfigurationList = 21EBD6EF211F451A006814B4 /* Build configuration list for PBXProject "AnimationHelpers" */;
			compatibilityVersion = "Xcode 9.3";
			developmentRegion = en;
			hasScannedForEncodings = 0;
			knownRegions = (
				en,
				Base,
			);
			mainGroup = 21EBD6EB211F451A006814B4;
			productRefGroup = 21EBD6F5211F451A006814B4 /* Products */;
			projectDirPath = "";
			projectRoot = "";
			targets = (
				21EBD6F3211F451A006814B4 /* AnimationHelpers */,
			);
		};
/* End PBXProject section */

/* Begin PBXResourcesBuildPhase section */
		21EBD6F2211F451A006814B4 /* Resources */ = {
			isa = PBXResourcesBuildPhase;
			buildActionMask = 2147483647;
			files = (
				21EBD702211F451B006814B4 /* LaunchScreen.storyboard in Resources */,
				21EBD6FF211F451B006814B4 /* Assets.xcassets in Resources */,
				21EBD6FD211F451A006814B4 /* Main.storyboard in Resources */,
			);
			runOnlyForDeploymentPostprocessing = 0;
		};
/* End PBXResourcesBuildPhase section */

/* Begin PBXSourcesBuildPhase section */
		21EBD6F0211F451A006814B4 /* Sources */ = {
			isa = PBXSourcesBuildPhase;
			buildActionMask = 2147483647;
			files = (
				21EBD70A211F45C5006814B4 /* CustomView.swift in Sources */,
				21EBD6FA211F451A006814B4 /* ViewController.swift in Sources */,
				21EBD6F8211F451A006814B4 /* AppDelegate.swift in Sources */,
			);
			runOnlyForDeploymentPostprocessing = 0;
		};
/* End PBXSourcesBuildPhase section */

/* Begin PBXVariantGroup section */
		21EBD6FB211F451A006814B4 /* Main.storyboard */ = {
			isa = PBXVariantGroup;
			children = (
				21EBD6FC211F451A006814B4 /* Base */,
			);
			name = Main.storyboard;
			sourceTree = "<group>";
		};
		21EBD700211F451B006814B4 /* LaunchScreen.storyboard */ = {
			isa = PBXVariantGroup;
			children = (
				21EBD701211F451B006814B4 /* Base */,
			);
			name = LaunchScreen.storyboard;
			sourceTree = "<group>";
		};
/* End PBXVariantGroup section */

/* Begin XCBuildConfiguration section */
		21EBD704211F451B006814B4 /* Debug */ = {
			isa = XCBuildConfiguration;
			buildSettings = {
				ALWAYS_SEARCH_USER_PATHS = NO;
				CLANG_ANALYZER_NONNULL = YES;
				CLANG_ANALYZER_NUMBER_OBJECT_CONVERSION = YES_AGGRESSIVE;
				CLANG_CXX_LANGUAGE_STANDARD = "gnu++14";
				CLANG_CXX_LIBRARY = "libc++";
				CLANG_ENABLE_MODULES = YES;
				CLANG_ENABLE_OBJC_ARC = YES;
				CLANG_ENABLE_OBJC_WEAK = YES;
				CLANG_WARN_BLOCK_CAPTURE_AUTORELEASING = YES;
				CLANG_WARN_BOOL_CONVERSION = YES;
				CLANG_WARN_COMMA = YES;
				CLANG_WARN_CONSTANT_CONVERSION = YES;
				CLANG_WARN_DEPRECATED_OBJC_IMPLEMENTATIONS = YES;
				CLANG_WARN_DIRECT_OBJC_ISA_USAGE = YES_ERROR;
				CLANG_WARN_DOCUMENTATION_COMMENTS = YES;
				CLANG_WARN_EMPTY_BODY = YES;
				CLANG_WARN_ENUM_CONVERSION = YES;
				CLANG_WARN_INFINITE_RECURSION = YES;
				CLANG_WARN_INT_CONVERSION = YES;
				CLANG_WARN_NON_LITERAL_NULL_CONVERSION = YES;
				CLANG_WARN_OBJC_IMPLICIT_RETAIN_SELF = YES;
				CLANG_WARN_OBJC_LITERAL_CONVERSION = YES;
				CLANG_WARN_OBJC_ROOT_CLASS = YES_ERROR;
				CLANG_WARN_RANGE_LOOP_ANALYSIS = YES;
				CLANG_WARN_STRICT_PROTOTYPES = YES;
				CLANG_WARN_SUSPICIOUS_MOVE = YES;
				CLANG_WARN_UNGUARDED_AVAILABILITY = YES_AGGRESSIVE;
				CLANG_WARN_UNREACHABLE_CODE = YES;
				CLANG_WARN__DUPLICATE_METHOD_MATCH = YES;
				CODE_SIGN_IDENTITY = "iPhone Developer";
				COPY_PHASE_STRIP = NO;
				DEBUG_INFORMATION_FORMAT = dwarf;
				ENABLE_STRICT_OBJC_MSGSEND = YES;
				ENABLE_TESTABILITY = YES;
				GCC_C_LANGUAGE_STANDARD = gnu11;
				GCC_DYNAMIC_NO_PIC = NO;
				GCC_NO_COMMON_BLOCKS = YES;
				GCC_OPTIMIZATION_LEVEL = 0;
				GCC_PREPROCESSOR_DEFINITIONS = (
					"DEBUG=1",
					"$(inherited)",
				);
				GCC_WARN_64_TO_32_BIT_CONVERSION = YES;
				GCC_WARN_ABOUT_RETURN_TYPE = YES_ERROR;
				GCC_WARN_UNDECLARED_SELECTOR = YES;
				GCC_WARN_UNINITIALIZED_AUTOS = YES_AGGRESSIVE;
				GCC_WARN_UNUSED_FUNCTION = YES;
				GCC_WARN_UNUSED_VARIABLE = YES;
				IPHONEOS_DEPLOYMENT_TARGET = 12.0;
				MTL_ENABLE_DEBUG_INFO = INCLUDE_SOURCE;
				MTL_FAST_MATH = YES;
				ONLY_ACTIVE_ARCH = YES;
				SDKROOT = iphoneos;
				SWIFT_ACTIVE_COMPILATION_CONDITIONS = DEBUG;
				SWIFT_OPTIMIZATION_LEVEL = "-Onone";
			};
			name = Debug;
		};
		21EBD705211F451B006814B4 /* Release */ = {
			isa = XCBuildConfiguration;
			buildSettings = {
				ALWAYS_SEARCH_USER_PATHS = NO;
				CLANG_ANALYZER_NONNULL = YES;
				CLANG_ANALYZER_NUMBER_OBJECT_CONVERSION = YES_AGGRESSIVE;
				CLANG_CXX_LANGUAGE_STANDARD = "gnu++14";
				CLANG_CXX_LIBRARY = "libc++";
				CLANG_ENABLE_MODULES = YES;
				CLANG_ENABLE_OBJC_ARC = YES;
				CLANG_ENABLE_OBJC_WEAK = YES;
				CLANG_WARN_BLOCK_CAPTURE_AUTORELEASING = YES;
				CLANG_WARN_BOOL_CONVERSION = YES;
				CLANG_WARN_COMMA = YES;
				CLANG_WARN_CONSTANT_CONVERSION = YES;
				CLANG_WARN_DEPRECATED_OBJC_IMPLEMENTATIONS = YES;
				CLANG_WARN_DIRECT_OBJC_ISA_USAGE = YES_ERROR;
				CLANG_WARN_DOCUMENTATION_COMMENTS = YES;
				CLANG_WARN_EMPTY_BODY = YES;
				CLANG_WARN_ENUM_CONVERSION = YES;
				CLANG_WARN_INFINITE_RECURSION = YES;
				CLANG_WARN_INT_CONVERSION = YES;
				CLANG_WARN_NON_LITERAL_NULL_CONVERSION = YES;
				CLANG_WARN_OBJC_IMPLICIT_RETAIN_SELF = YES;
				CLANG_WARN_OBJC_LITERAL_CONVERSION = YES;
				CLANG_WARN_OBJC_ROOT_CLASS = YES_ERROR;
				CLANG_WARN_RANGE_LOOP_ANALYSIS = YES;
				CLANG_WARN_STRICT_PROTOTYPES = YES;
				CLANG_WARN_SUSPICIOUS_MOVE = YES;
				CLANG_WARN_UNGUARDED_AVAILABILITY = YES_AGGRESSIVE;
				CLANG_WARN_UNREACHABLE_CODE = YES;
				CLANG_WARN__DUPLICATE_METHOD_MATCH = YES;
				CODE_SIGN_IDENTITY = "iPhone Developer";
				COPY_PHASE_STRIP = NO;
				DEBUG_INFORMATION_FORMAT = "dwarf-with-dsym";
				ENABLE_NS_ASSERTIONS = NO;
				ENABLE_STRICT_OBJC_MSGSEND = YES;
				GCC_C_LANGUAGE_STANDARD = gnu11;
				GCC_NO_COMMON_BLOCKS = YES;
				GCC_WARN_64_TO_32_BIT_CONVERSION = YES;
				GCC_WARN_ABOUT_RETURN_TYPE = YES_ERROR;
				GCC_WARN_UNDECLARED_SELECTOR = YES;
				GCC_WARN_UNINITIALIZED_AUTOS = YES_AGGRESSIVE;
				GCC_WARN_UNUSED_FUNCTION = YES;
				GCC_WARN_UNUSED_VARIABLE = YES;
				IPHONEOS_DEPLOYMENT_TARGET = 12.0;
				MTL_ENABLE_DEBUG_INFO = NO;
				MTL_FAST_MATH = YES;
				SDKROOT = iphoneos;
				SWIFT_COMPILATION_MODE = wholemodule;
				SWIFT_OPTIMIZATION_LEVEL = "-O";
				VALIDATE_PRODUCT = YES;
			};
			name = Release;
		};
		21EBD707211F451B006814B4 /* Debug */ = {
			isa = XCBuildConfiguration;
			buildSettings = {
				ASSETCATALOG_COMPILER_APPICON_NAME = AppIcon;
				CODE_SIGN_STYLE = Automatic;
				DEVELOPMENT_TEAM = 2D8DHL3LZB;
				INFOPLIST_FILE = AnimationHelpers/Info.plist;
				LD_RUNPATH_SEARCH_PATHS = (
					"$(inherited)",
					"@executable_path/Frameworks",
				);
				PRODUCT_BUNDLE_IDENTIFIER = com.proxy.AnimationHelpers;
				PRODUCT_NAME = "$(TARGET_NAME)";
				SWIFT_VERSION = 4.2;
				TARGETED_DEVICE_FAMILY = "1,2";
			};
			name = Debug;
		};
		21EBD708211F451B006814B4 /* Release */ = {
			isa = XCBuildConfiguration;
			buildSettings = {
				ASSETCATALOG_COMPILER_APPICON_NAME = AppIcon;
				CODE_SIGN_STYLE = Automatic;
				DEVELOPMENT_TEAM = 2D8DHL3LZB;
				INFOPLIST_FILE = AnimationHelpers/Info.plist;
				LD_RUNPATH_SEARCH_PATHS = (
					"$(inherited)",
					"@executable_path/Frameworks",
				);
				PRODUCT_BUNDLE_IDENTIFIER = com.proxy.AnimationHelpers;
				PRODUCT_NAME = "$(TARGET_NAME)";
				SWIFT_VERSION = 4.2;
				TARGETED_DEVICE_FAMILY = "1,2";
			};
			name = Release;
		};
/* End XCBuildConfiguration section */

/* Begin XCConfigurationList section */
		21EBD6EF211F451A006814B4 /* Build configuration list for PBXProject "AnimationHelpers" */ = {
			isa = XCConfigurationList;
			buildConfigurations = (
				21EBD704211F451B006814B4 /* Debug */,
				21EBD705211F451B006814B4 /* Release */,
			);
			defaultConfigurationIsVisible = 0;
			defaultConfigurationName = Release;
		};
		21EBD706211F451B006814B4 /* Build configuration list for PBXNativeTarget "AnimationHelpers" */ = {
			isa = XCConfigurationList;
			buildConfigurations = (
				21EBD707211F451B006814B4 /* Debug */,
				21EBD708211F451B006814B4 /* Release */,
			);
			defaultConfigurationIsVisible = 0;
			defaultConfigurationName = Release;
		};
/* End XCConfigurationList section */
	};
	rootObject = 21EBD6EC211F451A006814B4 /* Project object */;
}
